
Microsoft Visual Studio Solution File, Format Version 12.00
# Visual Studio 15
VisualStudioVersion = 15.0.28010.2050
MinimumVisualStudioVersion = 10.0.40219.1
Project("{8BC9CEB8-8B4A-11D0-8D11-00A0C91BC942}") = "opencv_core", "lib\opencv342\modules\core\opencv_core.vcxproj", "{10B8265C-D814-3269-9AEF-6C50F1815909}"
EndProject
Project("{8BC9CEB8-8B4A-11D0-8D11-00A0C91BC942}") = "opencv_highgui", "lib\opencv342\modules\highgui\opencv_highgui.vcxproj", "{8E809E09-D93A-34A4-89DD-2A962DD66F4B}"
EndProject
Project("{8BC9CEB8-8B4A-11D0-8D11-00A0C91BC942}") = "opencv_imgproc", "lib\opencv342\modules\imgproc\opencv_imgproc.vcxproj", "{B326AAA3-5B95-3DDC-9303-94FDAD8439A6}"
EndProject
Project("{8BC9CEB8-8B4A-11D0-8D11-00A0C91BC942}") = "opencv_imgcodecs", "lib\opencv342\modules\imgcodecs\opencv_imgcodecs.vcxproj", "{6D369816-6500-3B97-9A71-2F456B881693}"
EndProject
Project("{8BC9CEB8-8B4A-11D0-8D11-00A0C91BC942}") = "opencv_objdetect", "lib\opencv342\modules\objdetect\opencv_objdetect.vcxproj", "{CC86B3B3-BD7B-3901-B8D7-BD5CE93035EE}"
EndProject
Project("{8BC9CEB8-8B4A-11D0-8D11-00A0C91BC942}") = "opencv_ml", "lib\opencv342\modules\ml\opencv_ml.vcxproj", "{C4B51150-FBC7-30E0-AF72-8685DE90BF2E}"
EndProject
Project("{8BC9CEB8-8B4A-11D0-8D11-00A0C91BC942}") = "opencv_videoio", "lib\opencv342\modules\videoio\opencv_videoio.vcxproj", "{7E8DCDC6-DBB6-394E-B1C2-C1CBDC990655}"
EndProject
Project("{8BC9CEB8-8B4A-11D0-8D11-00A0C91BC942}") = "opencv_face", "lib\opencv342\contrib\face\opencv_face.vcxproj", "{22DEEB77-1F6D-31E2-BB9B-4173D7523833}"
EndProject
Project("{8BC9CEB8-8B4A-11D0-8D11-00A0C91BC942}") = "jsoncpp", "lib\jsoncpp\project\vs2015\jsoncpp.vcxproj", "{42ABB4F7-AE8A-3393-B7A2-BE6923019AF4}"
EndProject
Project("{8BC9CEB8-8B4A-11D0-8D11-00A0C91BC942}") = "opencv_tracking", "lib\opencv342\contrib\tracking\opencv_tracking.vcxproj", "{2D2769F1-75D2-349C-80B6-ABB050225165}"
EndProject
Project("{8BC9CEB8-8B4A-11D0-8D11-00A0C91BC942}") = "opencv_video", "lib\opencv342\modules\video\opencv_video.vcxproj", "{B224A3DD-12EC-3230-97C8-13A34B53024E}"
EndProject
Project("{8BC9CEB8-8B4A-11D0-8D11-00A0C91BC942}") = "zlib", "lib\opencv342\3rdparty\zlib\zlib.vcxproj", "{B1C6E4EE-CFAF-452B-A6DC-70CC90415519}"
EndProject
Project("{8BC9CEB8-8B4A-11D0-8D11-00A0C91BC942}") = "libpng", "lib\opencv342\3rdparty\libpng\libpng.vcxproj", "{01BEE73E-6F42-4714-9CE6-D968CE1F49D6}"
EndProject
Project("{8BC9CEB8-8B4A-11D0-8D11-00A0C91BC942}") = "libwebp", "lib\opencv342\3rdparty\libwebp\libwebp.vcxproj", "{3C5375B9-04EE-4136-A826-929B32175B32}"
EndProject
Project("{8BC9CEB8-8B4A-11D0-8D11-00A0C91BC942}") = "libjpeg-turbo", "lib\opencv342\3rdparty\libjpeg-turbo\libjpeg-turbo.vcxproj", "{23B6ACF9-2084-311C-BDFD-79CA534647AE}"
EndProject
Project("{8BC9CEB8-8B4A-11D0-8D11-00A0C91BC942}") = "openssl", "lib\openssl\project\vs2015\openssl.vcxproj", "{652F57BE-DA40-4E95-8FC1-CF5EA1574DBB}"
EndProject
Project("{8BC9CEB8-8B4A-11D0-8D11-00A0C91BC942}") = "crypto", "lib\openssl\project\vs2015\crypto.vcxproj", "{32516A26-F6E8-4A53-AB1F-5FAD5187E540}"
EndProject
Project("{8BC9CEB8-8B4A-11D0-8D11-00A0C91BC942}") = "curl", "lib\curl\project\vs2015\curl.vcxproj", "{8F5F0B3F-FBC9-BFB5-4408-715BB0B19D0A}"
EndProject
Project("{8BC9CEB8-8B4A-11D0-8D11-00A0C91BC942}") = "FaceComp_CUDA", "FaceComp_CUDA\FaceComp_CUDA.vcxproj", "{5456A74E-2E34-4A8B-88A3-F488BA0CCE7B}"
EndProject
Project("{FAE04EC0-301F-11D3-BF4B-00C04F79EFBC}") = "FaceComp_UI_CUDA", "FaceComp_UI_CUDA\FaceComp_UI_CUDA.csproj", "{E2AD2DD4-BAD1-4C3E-8C0F-F6C08EAB4D34}"
EndProject
Project("{8BC9CEB8-8B4A-11D0-8D11-00A0C91BC942}") = "FaceCompMgr_CUDA", "FaceCompMgr_CUDA\FaceCompMgr_CUDA.vcxproj", "{1E77C093-A461-4612-BBBF-9D01A4CE8799}"
EndProject
Project("{8BC9CEB8-8B4A-11D0-8D11-00A0C91BC942}") = "dlib", "lib\dlib-19.21_CUDA\dlib\dlib.vcxproj", "{248ECBB7-FF0B-3367-99FF-8CC6DB5CA75C}"
EndProject
Global
	GlobalSection(SolutionConfigurationPlatforms) = preSolution
		Debug|x64 = Debug|x64
		Release|x64 = Release|x64
	EndGlobalSection
	GlobalSection(ProjectConfigurationPlatforms) = postSolution
		{10B8265C-D814-3269-9AEF-6C50F1815909}.Debug|x64.ActiveCfg = Debug|x64
		{10B8265C-D814-3269-9AEF-6C50F1815909}.Debug|x64.Build.0 = Debug|x64
		{10B8265C-D814-3269-9AEF-6C50F1815909}.Release|x64.ActiveCfg = Release|x64
		{10B8265C-D814-3269-9AEF-6C50F1815909}.Release|x64.Build.0 = Release|x64
		{8E809E09-D93A-34A4-89DD-2A962DD66F4B}.Debug|x64.ActiveCfg = Debug|x64
		{8E809E09-D93A-34A4-89DD-2A962DD66F4B}.Debug|x64.Build.0 = Debug|x64
		{8E809E09-D93A-34A4-89DD-2A962DD66F4B}.Release|x64.ActiveCfg = Release|x64
		{8E809E09-D93A-34A4-89DD-2A962DD66F4B}.Release|x64.Build.0 = Release|x64
		{B326AAA3-5B95-3DDC-9303-94FDAD8439A6}.Debug|x64.ActiveCfg = Debug|x64
		{B326AAA3-5B95-3DDC-9303-94FDAD8439A6}.Debug|x64.Build.0 = Debug|x64
		{B326AAA3-5B95-3DDC-9303-94FDAD8439A6}.Release|x64.ActiveCfg = Release|x64
		{B326AAA3-5B95-3DDC-9303-94FDAD8439A6}.Release|x64.Build.0 = Release|x64
		{6D369816-6500-3B97-9A71-2F456B881693}.Debug|x64.ActiveCfg = Debug|x64
		{6D369816-6500-3B97-9A71-2F456B881693}.Debug|x64.Build.0 = Debug|x64
		{6D369816-6500-3B97-9A71-2F456B881693}.Release|x64.ActiveCfg = Release|x64
		{6D369816-6500-3B97-9A71-2F456B881693}.Release|x64.Build.0 = Release|x64
		{CC86B3B3-BD7B-3901-B8D7-BD5CE93035EE}.Debug|x64.ActiveCfg = Debug|x64
		{CC86B3B3-BD7B-3901-B8D7-BD5CE93035EE}.Debug|x64.Build.0 = Debug|x64
		{CC86B3B3-BD7B-3901-B8D7-BD5CE93035EE}.Release|x64.ActiveCfg = Release|x64
		{CC86B3B3-BD7B-3901-B8D7-BD5CE93035EE}.Release|x64.Build.0 = Release|x64
		{C4B51150-FBC7-30E0-AF72-8685DE90BF2E}.Debug|x64.ActiveCfg = Debug|x64
		{C4B51150-FBC7-30E0-AF72-8685DE90BF2E}.Debug|x64.Build.0 = Debug|x64
		{C4B51150-FBC7-30E0-AF72-8685DE90BF2E}.Release|x64.ActiveCfg = Release|x64
		{C4B51150-FBC7-30E0-AF72-8685DE90BF2E}.Release|x64.Build.0 = Release|x64
		{7E8DCDC6-DBB6-394E-B1C2-C1CBDC990655}.Debug|x64.ActiveCfg = Debug|x64
		{7E8DCDC6-DBB6-394E-B1C2-C1CBDC990655}.Debug|x64.Build.0 = Debug|x64
		{7E8DCDC6-DBB6-394E-B1C2-C1CBDC990655}.Release|x64.ActiveCfg = Release|x64
		{7E8DCDC6-DBB6-394E-B1C2-C1CBDC990655}.Release|x64.Build.0 = Release|x64
		{22DEEB77-1F6D-31E2-BB9B-4173D7523833}.Debug|x64.ActiveCfg = Debug|x64
		{22DEEB77-1F6D-31E2-BB9B-4173D7523833}.Debug|x64.Build.0 = Debug|x64
		{22DEEB77-1F6D-31E2-BB9B-4173D7523833}.Release|x64.ActiveCfg = Release|x64
		{22DEEB77-1F6D-31E2-BB9B-4173D7523833}.Release|x64.Build.0 = Release|x64
		{42ABB4F7-AE8A-3393-B7A2-BE6923019AF4}.Debug|x64.ActiveCfg = Debug|x64
		{42ABB4F7-AE8A-3393-B7A2-BE6923019AF4}.Debug|x64.Build.0 = Debug|x64
		{42ABB4F7-AE8A-3393-B7A2-BE6923019AF4}.Release|x64.ActiveCfg = Release|x64
		{42ABB4F7-AE8A-3393-B7A2-BE6923019AF4}.Release|x64.Build.0 = Release|x64
		{2D2769F1-75D2-349C-80B6-ABB050225165}.Debug|x64.ActiveCfg = Debug|x64
		{2D2769F1-75D2-349C-80B6-ABB050225165}.Debug|x64.Build.0 = Debug|x64
		{2D2769F1-75D2-349C-80B6-ABB050225165}.Release|x64.ActiveCfg = Release|x64
		{2D2769F1-75D2-349C-80B6-ABB050225165}.Release|x64.Build.0 = Release|x64
		{B224A3DD-12EC-3230-97C8-13A34B53024E}.Debug|x64.ActiveCfg = Debug|x64
		{B224A3DD-12EC-3230-97C8-13A34B53024E}.Debug|x64.Build.0 = Debug|x64
		{B224A3DD-12EC-3230-97C8-13A34B53024E}.Release|x64.ActiveCfg = Release|x64
		{B224A3DD-12EC-3230-97C8-13A34B53024E}.Release|x64.Build.0 = Release|x64
		{B1C6E4EE-CFAF-452B-A6DC-70CC90415519}.Debug|x64.ActiveCfg = Debug|x64
		{B1C6E4EE-CFAF-452B-A6DC-70CC90415519}.Debug|x64.Build.0 = Debug|x64
		{B1C6E4EE-CFAF-452B-A6DC-70CC90415519}.Release|x64.ActiveCfg = Release|x64
		{B1C6E4EE-CFAF-452B-A6DC-70CC90415519}.Release|x64.Build.0 = Release|x64
		{01BEE73E-6F42-4714-9CE6-D968CE1F49D6}.Debug|x64.ActiveCfg = Debug|x64
		{01BEE73E-6F42-4714-9CE6-D968CE1F49D6}.Debug|x64.Build.0 = Debug|x64
		{01BEE73E-6F42-4714-9CE6-D968CE1F49D6}.Release|x64.ActiveCfg = Release|x64
		{01BEE73E-6F42-4714-9CE6-D968CE1F49D6}.Release|x64.Build.0 = Release|x64
		{3C5375B9-04EE-4136-A826-929B32175B32}.Debug|x64.ActiveCfg = Debug|x64
		{3C5375B9-04EE-4136-A826-929B32175B32}.Debug|x64.Build.0 = Debug|x64
		{3C5375B9-04EE-4136-A826-929B32175B32}.Release|x64.ActiveCfg = Release|x64
		{3C5375B9-04EE-4136-A826-929B32175B32}.Release|x64.Build.0 = Release|x64
		{23B6ACF9-2084-311C-BDFD-79CA534647AE}.Debug|x64.ActiveCfg = Debug|x64
		{23B6ACF9-2084-311C-BDFD-79CA534647AE}.Debug|x64.Build.0 = Debug|x64
		{23B6ACF9-2084-311C-BDFD-79CA534647AE}.Release|x64.ActiveCfg = Release|x64
		{23B6ACF9-2084-311C-BDFD-79CA534647AE}.Release|x64.Build.0 = Release|x64
		{652F57BE-DA40-4E95-8FC1-CF5EA1574DBB}.Debug|x64.ActiveCfg = Debug|x64
		{652F57BE-DA40-4E95-8FC1-CF5EA1574DBB}.Debug|x64.Build.0 = Debug|x64
		{652F57BE-DA40-4E95-8FC1-CF5EA1574DBB}.Release|x64.ActiveCfg = Release|x64
		{652F57BE-DA40-4E95-8FC1-CF5EA1574DBB}.Release|x64.Build.0 = Release|x64
		{32516A26-F6E8-4A53-AB1F-5FAD5187E540}.Debug|x64.ActiveCfg = Debug|x64
		{32516A26-F6E8-4A53-AB1F-5FAD5187E540}.Debug|x64.Build.0 = Debug|x64
		{32516A26-F6E8-4A53-AB1F-5FAD5187E540}.Release|x64.ActiveCfg = Release|x64
		{32516A26-F6E8-4A53-AB1F-5FAD5187E540}.Release|x64.Build.0 = Release|x64
		{8F5F0B3F-FBC9-BFB5-4408-715BB0B19D0A}.Debug|x64.ActiveCfg = Debug|x64
		{8F5F0B3F-FBC9-BFB5-4408-715BB0B19D0A}.Debug|x64.Build.0 = Debug|x64
		{8F5F0B3F-FBC9-BFB5-4408-715BB0B19D0A}.Release|x64.ActiveCfg = Release|x64
		{8F5F0B3F-FBC9-BFB5-4408-715BB0B19D0A}.Release|x64.Build.0 = Release|x64
		{5456A74E-2E34-4A8B-88A3-F488BA0CCE7B}.Debug|x64.ActiveCfg = Debug-static-lib|x64
		{5456A74E-2E34-4A8B-88A3-F488BA0CCE7B}.Debug|x64.Build.0 = Debug-static-lib|x64
		{5456A74E-2E34-4A8B-88A3-F488BA0CCE7B}.Release|x64.ActiveCfg = Release-static-lib|x64
		{5456A74E-2E34-4A8B-88A3-F488BA0CCE7B}.Release|x64.Build.0 = Release-static-lib|x64
		{E2AD2DD4-BAD1-4C3E-8C0F-F6C08EAB4D34}.Debug|x64.ActiveCfg = Debug|x64
		{E2AD2DD4-BAD1-4C3E-8C0F-F6C08EAB4D34}.Debug|x64.Build.0 = Debug|x64
		{E2AD2DD4-BAD1-4C3E-8C0F-F6C08EAB4D34}.Release|x64.ActiveCfg = Release|x64
		{E2AD2DD4-BAD1-4C3E-8C0F-F6C08EAB4D34}.Release|x64.Build.0 = Release|x64
		{1E77C093-A461-4612-BBBF-9D01A4CE8799}.Debug|x64.ActiveCfg = Debug|x64
		{1E77C093-A461-4612-BBBF-9D01A4CE8799}.Debug|x64.Build.0 = Debug|x64
		{1E77C093-A461-4612-BBBF-9D01A4CE8799}.Release|x64.ActiveCfg = Release|x64
		{1E77C093-A461-4612-BBBF-9D01A4CE8799}.Release|x64.Build.0 = Release|x64
		{248ECBB7-FF0B-3367-99FF-8CC6DB5CA75C}.Debug|x64.ActiveCfg = Debug|x64
		{248ECBB7-FF0B-3367-99FF-8CC6DB5CA75C}.Debug|x64.Build.0 = Debug|x64
		{248ECBB7-FF0B-3367-99FF-8CC6DB5CA75C}.Release|x64.ActiveCfg = Release|x64
		{248ECBB7-FF0B-3367-99FF-8CC6DB5CA75C}.Release|x64.Build.0 = Release|x64
	EndGlobalSection
	GlobalSection(SolutionProperties) = preSolution
		HideSolutionNode = FALSE
	EndGlobalSection
	GlobalSection(ExtensibilityGlobals) = postSolution
		SolutionGuid = {5DBA53DF-9CC3-437B-8B19-CE96E42793FD}
	EndGlobalSection
EndGlobal
